// !$*UTF8*$!
{
	archiveVersion = 1;
	classes = {
	};
	objectVersion = 46;
	objects = {

/* Begin PBXBuildFile section */
		1E06EBCC1CFADE9F00939560 /* GoogleService-Info.plist in Resources */ = {isa = PBXBuildFile; fileRef = 1E06EBCB1CFADE9F00939560 /* GoogleService-Info.plist */; };
		1E06EBD01CFAE57500939560 /* MountainsListTableViewController.m in Sources */ = {isa = PBXBuildFile; fileRef = 1E06EBCF1CFAE57500939560 /* MountainsListTableViewController.m */; };
		1E06EBD51CFAE5EA00939560 /* Mountain.m in Sources */ = {isa = PBXBuildFile; fileRef = 1E06EBD41CFAE5EA00939560 /* Mountain.m */; };
		1E06EBD81CFAEBF500939560 /* MountainDataSource.m in Sources */ = {isa = PBXBuildFile; fileRef = 1E06EBD71CFAEBF500939560 /* MountainDataSource.m */; };
		1E06EBDC1CFAF10500939560 /* MountainTableViewCell.m in Sources */ = {isa = PBXBuildFile; fileRef = 1E06EBDB1CFAF10500939560 /* MountainTableViewCell.m */; };
		1E06EBDE1CFAF11200939560 /* MountainTableViewCell.xib in Resources */ = {isa = PBXBuildFile; fileRef = 1E06EBDD1CFAF11200939560 /* MountainTableViewCell.xib */; };
		1E06EBE61CFAF8E700939560 /* SignInViewController.m in Sources */ = {isa = PBXBuildFile; fileRef = 1E06EBE51CFAF8E700939560 /* SignInViewController.m */; };
		1E06EC001CFB361400939560 /* DetailMountainTableViewController.m in Sources */ = {isa = PBXBuildFile; fileRef = 1E06EBFF1CFB361400939560 /* DetailMountainTableViewController.m */; };
		1E06EC041CFB367200939560 /* ImageTableViewCell.m in Sources */ = {isa = PBXBuildFile; fileRef = 1E06EC021CFB367200939560 /* ImageTableViewCell.m */; };
		1E06EC051CFB367200939560 /* ImageTableViewCell.xib in Resources */ = {isa = PBXBuildFile; fileRef = 1E06EC031CFB367200939560 /* ImageTableViewCell.xib */; };
		1E06EC091CFB372100939560 /* DescriptionTableViewCell.m in Sources */ = {isa = PBXBuildFile; fileRef = 1E06EC071CFB372100939560 /* DescriptionTableViewCell.m */; };
		1E06EC0A1CFB372100939560 /* DescriptionTableViewCell.xib in Resources */ = {isa = PBXBuildFile; fileRef = 1E06EC081CFB372100939560 /* DescriptionTableViewCell.xib */; };
		1E06EC0D1CFB4AA600939560 /* CreateViewController.m in Sources */ = {isa = PBXBuildFile; fileRef = 1E06EC0C1CFB4AA600939560 /* CreateViewController.m */; };
		1E06EC101CFB4F0A00939560 /* ProfileViewController.m in Sources */ = {isa = PBXBuildFile; fileRef = 1E06EC0F1CFB4F0A00939560 /* ProfileViewController.m */; };
		1E446E591CDE1624006A2303 /* main.m in Sources */ = {isa = PBXBuildFile; fileRef = 1E446E581CDE1624006A2303 /* main.m */; };
		1E446E5C1CDE1624006A2303 /* AppDelegate.m in Sources */ = {isa = PBXBuildFile; fileRef = 1E446E5B1CDE1624006A2303 /* AppDelegate.m */; };
		1E446E621CDE1624006A2303 /* Main.storyboard in Resources */ = {isa = PBXBuildFile; fileRef = 1E446E601CDE1624006A2303 /* Main.storyboard */; };
		1E446E641CDE1624006A2303 /* Assets.xcassets in Resources */ = {isa = PBXBuildFile; fileRef = 1E446E631CDE1624006A2303 /* Assets.xcassets */; };
		1E446E671CDE1624006A2303 /* LaunchScreen.storyboard in Resources */ = {isa = PBXBuildFile; fileRef = 1E446E651CDE1624006A2303 /* LaunchScreen.storyboard */; };
		AE5CA16F4C99BCFDDA2820D5 /* libPods-Mountains.a in Frameworks */ = {isa = PBXBuildFile; fileRef = EB74106564742142FE6D94F0 /* libPods-Mountains.a */; };
/* End PBXBuildFile section */

/* Begin PBXFileReference section */
		180673848C0D0FCB6603ADCF /* Pods-Mountains.debug.xcconfig */ = {isa = PBXFileReference; includeInIndex = 1; lastKnownFileType = text.xcconfig; name = "Pods-Mountains.debug.xcconfig"; path = "Pods/Target Support Files/Pods-Mountains/Pods-Mountains.debug.xcconfig"; sourceTree = "<group>"; };
		1E06EBCB1CFADE9F00939560 /* GoogleService-Info.plist */ = {isa = PBXFileReference; fileEncoding = 4; lastKnownFileType = text.plist.xml; path = "GoogleService-Info.plist"; sourceTree = "<group>"; };
		1E06EBCE1CFAE57500939560 /* MountainsListTableViewController.h */ = {isa = PBXFileReference; fileEncoding = 4; lastKnownFileType = sourcecode.c.h; path = MountainsListTableViewController.h; sourceTree = "<group>"; };
		1E06EBCF1CFAE57500939560 /* MountainsListTableViewController.m */ = {isa = PBXFileReference; fileEncoding = 4; lastKnownFileType = sourcecode.c.objc; path = MountainsListTableViewController.m; sourceTree = "<group>"; };
		1E06EBD31CFAE5EA00939560 /* Mountain.h */ = {isa = PBXFileReference; fileEncoding = 4; lastKnownFileType = sourcecode.c.h; path = Mountain.h; sourceTree = "<group>"; };
		1E06EBD41CFAE5EA00939560 /* Mountain.m */ = {isa = PBXFileReference; fileEncoding = 4; lastKnownFileType = sourcecode.c.objc; path = Mountain.m; sourceTree = "<group>"; };
		1E06EBD61CFAEBF500939560 /* MountainDataSource.h */ = {isa = PBXFileReference; fileEncoding = 4; lastKnownFileType = sourcecode.c.h; path = MountainDataSource.h; sourceTree = "<group>"; };
		1E06EBD71CFAEBF500939560 /* MountainDataSource.m */ = {isa = PBXFileReference; fileEncoding = 4; lastKnownFileType = sourcecode.c.objc; path = MountainDataSource.m; sourceTree = "<group>"; };
		1E06EBDA1CFAF10500939560 /* MountainTableViewCell.h */ = {isa = PBXFileReference; fileEncoding = 4; lastKnownFileType = sourcecode.c.h; path = MountainTableViewCell.h; sourceTree = "<group>"; };
		1E06EBDB1CFAF10500939560 /* MountainTableViewCell.m */ = {isa = PBXFileReference; fileEncoding = 4; lastKnownFileType = sourcecode.c.objc; path = MountainTableViewCell.m; sourceTree = "<group>"; };
		1E06EBDD1CFAF11200939560 /* MountainTableViewCell.xib */ = {isa = PBXFileReference; fileEncoding = 4; lastKnownFileType = file.xib; path = MountainTableViewCell.xib; sourceTree = "<group>"; };
		1E06EBE41CFAF8E700939560 /* SignInViewController.h */ = {isa = PBXFileReference; fileEncoding = 4; lastKnownFileType = sourcecode.c.h; path = SignInViewController.h; sourceTree = "<group>"; };
		1E06EBE51CFAF8E700939560 /* SignInViewController.m */ = {isa = PBXFileReference; fileEncoding = 4; lastKnownFileType = sourcecode.c.objc; path = SignInViewController.m; sourceTree = "<group>"; };
		1E06EBFE1CFB361400939560 /* DetailMountainTableViewController.h */ = {isa = PBXFileReference; fileEncoding = 4; lastKnownFileType = sourcecode.c.h; path = DetailMountainTableViewController.h; sourceTree = "<group>"; };
		1E06EBFF1CFB361400939560 /* DetailMountainTableViewController.m */ = {isa = PBXFileReference; fileEncoding = 4; lastKnownFileType = sourcecode.c.objc; path = DetailMountainTableViewController.m; sourceTree = "<group>"; };
		1E06EC011CFB367200939560 /* ImageTableViewCell.h */ = {isa = PBXFileReference; fileEncoding = 4; lastKnownFileType = sourcecode.c.h; path = ImageTableViewCell.h; sourceTree = "<group>"; };
		1E06EC021CFB367200939560 /* ImageTableViewCell.m */ = {isa = PBXFileReference; fileEncoding = 4; lastKnownFileType = sourcecode.c.objc; path = ImageTableViewCell.m; sourceTree = "<group>"; };
		1E06EC031CFB367200939560 /* ImageTableViewCell.xib */ = {isa = PBXFileReference; fileEncoding = 4; lastKnownFileType = file.xib; path = ImageTableViewCell.xib; sourceTree = "<group>"; };
		1E06EC061CFB372100939560 /* DescriptionTableViewCell.h */ = {isa = PBXFileReference; fileEncoding = 4; lastKnownFileType = sourcecode.c.h; path = DescriptionTableViewCell.h; sourceTree = "<group>"; };
		1E06EC071CFB372100939560 /* DescriptionTableViewCell.m */ = {isa = PBXFileReference; fileEncoding = 4; lastKnownFileType = sourcecode.c.objc; path = DescriptionTableViewCell.m; sourceTree = "<group>"; };
		1E06EC081CFB372100939560 /* DescriptionTableViewCell.xib */ = {isa = PBXFileReference; fileEncoding = 4; lastKnownFileType = file.xib; path = DescriptionTableViewCell.xib; sourceTree = "<group>"; };
		1E06EC0B1CFB4AA600939560 /* CreateViewController.h */ = {isa = PBXFileReference; fileEncoding = 4; lastKnownFileType = sourcecode.c.h; path = CreateViewController.h; sourceTree = "<group>"; };
		1E06EC0C1CFB4AA600939560 /* CreateViewController.m */ = {isa = PBXFileReference; fileEncoding = 4; lastKnownFileType = sourcecode.c.objc; path = CreateViewController.m; sourceTree = "<group>"; };
		1E06EC0E1CFB4F0A00939560 /* ProfileViewController.h */ = {isa = PBXFileReference; fileEncoding = 4; lastKnownFileType = sourcecode.c.h; path = ProfileViewController.h; sourceTree = "<group>"; };
		1E06EC0F1CFB4F0A00939560 /* ProfileViewController.m */ = {isa = PBXFileReference; fileEncoding = 4; lastKnownFileType = sourcecode.c.objc; path = ProfileViewController.m; sourceTree = "<group>"; };
		1E446E541CDE1624006A2303 /* Mountains.app */ = {isa = PBXFileReference; explicitFileType = wrapper.application; includeInIndex = 0; path = Mountains.app; sourceTree = BUILT_PRODUCTS_DIR; };
		1E446E581CDE1624006A2303 /* main.m */ = {isa = PBXFileReference; lastKnownFileType = sourcecode.c.objc; path = main.m; sourceTree = "<group>"; };
		1E446E5A1CDE1624006A2303 /* AppDelegate.h */ = {isa = PBXFileReference; lastKnownFileType = sourcecode.c.h; path = AppDelegate.h; sourceTree = "<group>"; };
		1E446E5B1CDE1624006A2303 /* AppDelegate.m */ = {isa = PBXFileReference; lastKnownFileType = sourcecode.c.objc; path = AppDelegate.m; sourceTree = "<group>"; };
		1E446E611CDE1624006A2303 /* Base */ = {isa = PBXFileReference; lastKnownFileType = file.storyboard; name = Base; path = Base.lproj/Main.storyboard; sourceTree = "<group>"; };
		1E446E631CDE1624006A2303 /* Assets.xcassets */ = {isa = PBXFileReference; lastKnownFileType = folder.assetcatalog; path = Assets.xcassets; sourceTree = "<group>"; };
		1E446E661CDE1624006A2303 /* Base */ = {isa = PBXFileReference; lastKnownFileType = file.storyboard; name = Base; path = Base.lproj/LaunchScreen.storyboard; sourceTree = "<group>"; };
		1E446E681CDE1624006A2303 /* Info.plist */ = {isa = PBXFileReference; lastKnownFileType = text.plist.xml; path = Info.plist; sourceTree = "<group>"; };
		B142CC5C2B94AF307F5006DC /* Pods-Mountains.release.xcconfig */ = {isa = PBXFileReference; includeInIndex = 1; lastKnownFileType = text.xcconfig; name = "Pods-Mountains.release.xcconfig"; path = "Pods/Target Support Files/Pods-Mountains/Pods-Mountains.release.xcconfig"; sourceTree = "<group>"; };
		EB74106564742142FE6D94F0 /* libPods-Mountains.a */ = {isa = PBXFileReference; explicitFileType = archive.ar; includeInIndex = 0; path = "libPods-Mountains.a"; sourceTree = BUILT_PRODUCTS_DIR; };
/* End PBXFileReference section */

/* Begin PBXFrameworksBuildPhase section */
		1E446E511CDE1623006A2303 /* Frameworks */ = {
			isa = PBXFrameworksBuildPhase;
			buildActionMask = 2147483647;
			files = (
				AE5CA16F4C99BCFDDA2820D5 /* libPods-Mountains.a in Frameworks */,
			);
			runOnlyForDeploymentPostprocessing = 0;
		};
/* End PBXFrameworksBuildPhase section */

/* Begin PBXGroup section */
		03071A67B8D061963F14611D /* Frameworks */ = {
			isa = PBXGroup;
			children = (
				EB74106564742142FE6D94F0 /* libPods-Mountains.a */,
			);
			name = Frameworks;
			sourceTree = "<group>";
		};
		1E06EBCD1CFAE55400939560 /* Controllers */ = {
			isa = PBXGroup;
			children = (
				1E06EBCE1CFAE57500939560 /* MountainsListTableViewController.h */,
				1E06EBCF1CFAE57500939560 /* MountainsListTableViewController.m */,
				1E06EBE41CFAF8E700939560 /* SignInViewController.h */,
				1E06EBE51CFAF8E700939560 /* SignInViewController.m */,
				1E06EC0B1CFB4AA600939560 /* CreateViewController.h */,
				1E06EC0C1CFB4AA600939560 /* CreateViewController.m */,
				1E06EBFE1CFB361400939560 /* DetailMountainTableViewController.h */,
				1E06EBFF1CFB361400939560 /* DetailMountainTableViewController.m */,
				1E06EC0E1CFB4F0A00939560 /* ProfileViewController.h */,
				1E06EC0F1CFB4F0A00939560 /* ProfileViewController.m */,
			);
			name = Controllers;
			sourceTree = "<group>";
		};
		1E06EBD21CFAE5C100939560 /* Models */ = {
			isa = PBXGroup;
			children = (
				1E06EBD31CFAE5EA00939560 /* Mountain.h */,
				1E06EBD41CFAE5EA00939560 /* Mountain.m */,
			);
			name = Models;
			sourceTree = "<group>";
		};
		1E06EBD91CFAF0DD00939560 /* Cells */ = {
			isa = PBXGroup;
			children = (
				1E06EBDA1CFAF10500939560 /* MountainTableViewCell.h */,
				1E06EBDD1CFAF11200939560 /* MountainTableViewCell.xib */,
				1E06EBDB1CFAF10500939560 /* MountainTableViewCell.m */,
				1E06EC011CFB367200939560 /* ImageTableViewCell.h */,
				1E06EC021CFB367200939560 /* ImageTableViewCell.m */,
				1E06EC031CFB367200939560 /* ImageTableViewCell.xib */,
				1E06EC061CFB372100939560 /* DescriptionTableViewCell.h */,
				1E06EC071CFB372100939560 /* DescriptionTableViewCell.m */,
				1E06EC081CFB372100939560 /* DescriptionTableViewCell.xib */,
			);
			name = Cells;
			sourceTree = "<group>";
		};
		1E446E4B1CDE1623006A2303 = {
			isa = PBXGroup;
			children = (
				1E446E561CDE1624006A2303 /* Mountains */,
				1E446E551CDE1624006A2303 /* Products */,
				4BE4537F3CD57AE2B62BBA61 /* Pods */,
				03071A67B8D061963F14611D /* Frameworks */,
			);
			sourceTree = "<group>";
		};
		1E446E551CDE1624006A2303 /* Products */ = {
			isa = PBXGroup;
			children = (
				1E446E541CDE1624006A2303 /* Mountains.app */,
			);
			name = Products;
			sourceTree = "<group>";
		};
		1E446E561CDE1624006A2303 /* Mountains */ = {
			isa = PBXGroup;
			children = (
				1E06EBD91CFAF0DD00939560 /* Cells */,
				1E06EBD21CFAE5C100939560 /* Models */,
				1E06EBCD1CFAE55400939560 /* Controllers */,
				1E06EBCB1CFADE9F00939560 /* GoogleService-Info.plist */,
				1E446E601CDE1624006A2303 /* Main.storyboard */,
				1E446E631CDE1624006A2303 /* Assets.xcassets */,
				1E446E651CDE1624006A2303 /* LaunchScreen.storyboard */,
				1E446E681CDE1624006A2303 /* Info.plist */,
				1E446E571CDE1624006A2303 /* Supporting Files */,
				1E06EBD61CFAEBF500939560 /* MountainDataSource.h */,
				1E06EBD71CFAEBF500939560 /* MountainDataSource.m */,
			);
			path = Mountains;
			sourceTree = "<group>";
		};
		1E446E571CDE1624006A2303 /* Supporting Files */ = {
			isa = PBXGroup;
			children = (
				1E446E5A1CDE1624006A2303 /* AppDelegate.h */,
				1E446E5B1CDE1624006A2303 /* AppDelegate.m */,
				1E446E581CDE1624006A2303 /* main.m */,
			);
			name = "Supporting Files";
			sourceTree = "<group>";
		};
		4BE4537F3CD57AE2B62BBA61 /* Pods */ = {
			isa = PBXGroup;
			children = (
				180673848C0D0FCB6603ADCF /* Pods-Mountains.debug.xcconfig */,
				B142CC5C2B94AF307F5006DC /* Pods-Mountains.release.xcconfig */,
			);
			name = Pods;
			sourceTree = "<group>";
		};
/* End PBXGroup section */

/* Begin PBXNativeTarget section */
		1E446E531CDE1623006A2303 /* Mountains */ = {
			isa = PBXNativeTarget;
			buildConfigurationList = 1E446E6B1CDE1624006A2303 /* Build configuration list for PBXNativeTarget "Mountains" */;
			buildPhases = (
				C62C6BF51FAAD8A125F8D30E /* 📦 Check Pods Manifest.lock */,
				1E446E501CDE1623006A2303 /* Sources */,
				1E446E511CDE1623006A2303 /* Frameworks */,
				1E446E521CDE1623006A2303 /* Resources */,
				ABE771CCBECC08AAE75B237B /* 📦 Embed Pods Frameworks */,
				C97DFAD784489E03B843D73B /* 📦 Copy Pods Resources */,
			);
			buildRules = (
			);
			dependencies = (
			);
			name = Mountains;
			productName = Mountains;
			productReference = 1E446E541CDE1624006A2303 /* Mountains.app */;
			productType = "com.apple.product-type.application";
		};
/* End PBXNativeTarget section */

/* Begin PBXProject section */
		1E446E4C1CDE1623006A2303 /* Project object */ = {
			isa = PBXProject;
			attributes = {
				LastUpgradeCheck = 0730;
				ORGANIZATIONNAME = "Тимур Аюпов";
				TargetAttributes = {
					1E446E531CDE1623006A2303 = {
						CreatedOnToolsVersion = 7.3.1;
					};
				};
			};
			buildConfigurationList = 1E446E4F1CDE1623006A2303 /* Build configuration list for PBXProject "Mountains" */;
			compatibilityVersion = "Xcode 3.2";
			developmentRegion = English;
			hasScannedForEncodings = 0;
			knownRegions = (
				en,
				Base,
			);
			mainGroup = 1E446E4B1CDE1623006A2303;
			productRefGroup = 1E446E551CDE1624006A2303 /* Products */;
			projectDirPath = "";
			projectRoot = "";
			targets = (
				1E446E531CDE1623006A2303 /* Mountains */,
			);
		};
/* End PBXProject section */

/* Begin PBXResourcesBuildPhase section */
		1E446E521CDE1623006A2303 /* Resources */ = {
			isa = PBXResourcesBuildPhase;
			buildActionMask = 2147483647;
			files = (
				1E06EBCC1CFADE9F00939560 /* GoogleService-Info.plist in Resources */,
				1E446E671CDE1624006A2303 /* LaunchScreen.storyboard in Resources */,
				1E446E641CDE1624006A2303 /* Assets.xcassets in Resources */,
				1E06EC051CFB367200939560 /* ImageTableViewCell.xib in Resources */,
				1E446E621CDE1624006A2303 /* Main.storyboard in Resources */,
				1E06EC0A1CFB372100939560 /* DescriptionTableViewCell.xib in Resources */,
				1E06EBDE1CFAF11200939560 /* MountainTableViewCell.xib in Resources */,
			);
			runOnlyForDeploymentPostprocessing = 0;
		};
/* End PBXResourcesBuildPhase section */

/* Begin PBXShellScriptBuildPhase section */
		ABE771CCBECC08AAE75B237B /* 📦 Embed Pods Frameworks */ = {
			isa = PBXShellScriptBuildPhase;
			buildActionMask = 2147483647;
			files = (
			);
			inputPaths = (
			);
			name = "📦 Embed Pods Frameworks";
			outputPaths = (
			);
			runOnlyForDeploymentPostprocessing = 0;
			shellPath = /bin/sh;
			shellScript = "\"${SRCROOT}/Pods/Target Support Files/Pods-Mountains/Pods-Mountains-frameworks.sh\"\n";
			showEnvVarsInLog = 0;
		};
		C62C6BF51FAAD8A125F8D30E /* 📦 Check Pods Manifest.lock */ = {
			isa = PBXShellScriptBuildPhase;
			buildActionMask = 2147483647;
			files = (
			);
			inputPaths = (
			);
			name = "📦 Check Pods Manifest.lock";
			outputPaths = (
			);
			runOnlyForDeploymentPostprocessing = 0;
			shellPath = /bin/sh;
			shellScript = "diff \"${PODS_ROOT}/../Podfile.lock\" \"${PODS_ROOT}/Manifest.lock\" > /dev/null\nif [[ $? != 0 ]] ; then\n    cat << EOM\nerror: The sandbox is not in sync with the Podfile.lock. Run 'pod install' or update your CocoaPods installation.\nEOM\n    exit 1\nfi\n";
			showEnvVarsInLog = 0;
		};
		C97DFAD784489E03B843D73B /* 📦 Copy Pods Resources */ = {
			isa = PBXShellScriptBuildPhase;
			buildActionMask = 2147483647;
			files = (
			);
			inputPaths = (
			);
			name = "📦 Copy Pods Resources";
			outputPaths = (
			);
			runOnlyForDeploymentPostprocessing = 0;
			shellPath = /bin/sh;
			shellScript = "\"${SRCROOT}/Pods/Target Support Files/Pods-Mountains/Pods-Mountains-resources.sh\"\n";
			showEnvVarsInLog = 0;
		};
/* End PBXShellScriptBuildPhase section */

/* Begin PBXSourcesBuildPhase section */
		1E446E501CDE1623006A2303 /* Sources */ = {
			isa = PBXSourcesBuildPhase;
			buildActionMask = 2147483647;
			files = (
				1E06EBE61CFAF8E700939560 /* SignInViewController.m in Sources */,
				1E06EBDC1CFAF10500939560 /* MountainTableViewCell.m in Sources */,
				1E06EBD51CFAE5EA00939560 /* Mountain.m in Sources */,
				1E06EC001CFB361400939560 /* DetailMountainTableViewController.m in Sources */,
				1E06EC091CFB372100939560 /* DescriptionTableViewCell.m in Sources */,
				1E06EC041CFB367200939560 /* ImageTableViewCell.m in Sources */,
				1E06EC0D1CFB4AA600939560 /* CreateViewController.m in Sources */,
				1E446E5C1CDE1624006A2303 /* AppDelegate.m in Sources */,
				1E06EBD01CFAE57500939560 /* MountainsListTableViewController.m in Sources */,
				1E446E591CDE1624006A2303 /* main.m in Sources */,
				1E06EC101CFB4F0A00939560 /* ProfileViewController.m in Sources */,
				1E06EBD81CFAEBF500939560 /* MountainDataSource.m in Sources */,
			);
			runOnlyForDeploymentPostprocessing = 0;
		};
/* End PBXSourcesBuildPhase section */

/* Begin PBXVariantGroup section */
		1E446E601CDE1624006A2303 /* Main.storyboard */ = {
			isa = PBXVariantGroup;
			children = (
				1E446E611CDE1624006A2303 /* Base */,
			);
			name = Main.storyboard;
			sourceTree = "<group>";
		};
		1E446E651CDE1624006A2303 /* LaunchScreen.storyboard */ = {
			isa = PBXVariantGroup;
			children = (
				1E446E661CDE1624006A2303 /* Base */,
			);
			name = LaunchScreen.storyboard;
			sourceTree = "<group>";
		};
/* End PBXVariantGroup section */

/* Begin XCBuildConfiguration section */
		1E446E691CDE1624006A2303 /* Debug */ = {
			isa = XCBuildConfiguration;
			buildSettings = {
				ALWAYS_SEARCH_USER_PATHS = NO;
				CLANG_ANALYZER_NONNULL = YES;
				CLANG_CXX_LANGUAGE_STANDARD = "gnu++0x";
				CLANG_CXX_LIBRARY = "libc++";
				CLANG_ENABLE_MODULES = YES;
				CLANG_ENABLE_OBJC_ARC = YES;
				CLANG_WARN_BOOL_CONVERSION = YES;
				CLANG_WARN_CONSTANT_CONVERSION = YES;
				CLANG_WARN_DIRECT_OBJC_ISA_USAGE = YES_ERROR;
				CLANG_WARN_EMPTY_BODY = YES;
				CLANG_WARN_ENUM_CONVERSION = YES;
				CLANG_WARN_INT_CONVERSION = YES;
				CLANG_WARN_OBJC_ROOT_CLASS = YES_ERROR;
				CLANG_WARN_UNREACHABLE_CODE = YES;
				CLANG_WARN__DUPLICATE_METHOD_MATCH = YES;
				"CODE_SIGN_IDENTITY[sdk=iphoneos*]" = "iPhone Developer";
				COPY_PHASE_STRIP = NO;
				DEBUG_INFORMATION_FORMAT = dwarf;
				ENABLE_STRICT_OBJC_MSGSEND = YES;
				ENABLE_TESTABILITY = YES;
				GCC_C_LANGUAGE_STANDARD = gnu99;
				GCC_DYNAMIC_NO_PIC = NO;
				GCC_NO_COMMON_BLOCKS = YES;
				GCC_OPTIMIZATION_LEVEL = 0;
				GCC_PREPROCESSOR_DEFINITIONS = (
					"DEBUG=1",
					"$(inherited)",
				);
				GCC_WARN_64_TO_32_BIT_CONVERSION = YES;
				GCC_WARN_ABOUT_RETURN_TYPE = YES_ERROR;
				GCC_WARN_UNDECLARED_SELECTOR = YES;
				GCC_WARN_UNINITIALIZED_AUTOS = YES_AGGRESSIVE;
				GCC_WARN_UNUSED_FUNCTION = YES;
				GCC_WARN_UNUSED_VARIABLE = YES;
				IPHONEOS_DEPLOYMENT_TARGET = 9.3;
				MTL_ENABLE_DEBUG_INFO = YES;
				ONLY_ACTIVE_ARCH = YES;
				SDKROOT = iphoneos;
			};
			name = Debug;
		};
		1E446E6A1CDE1624006A2303 /* Release */ = {
			isa = XCBuildConfiguration;
			buildSettings = {
				ALWAYS_SEARCH_USER_PATHS = NO;
				CLANG_ANALYZER_NONNULL = YES;
				CLANG_CXX_LANGUAGE_STANDARD = "gnu++0x";
				CLANG_CXX_LIBRARY = "libc++";
				CLANG_ENABLE_MODULES = YES;
				CLANG_ENABLE_OBJC_ARC = YES;
				CLANG_WARN_BOOL_CONVERSION = YES;
				CLANG_WARN_CONSTANT_CONVERSION = YES;
				CLANG_WARN_DIRECT_OBJC_ISA_USAGE = YES_ERROR;
				CLANG_WARN_EMPTY_BODY = YES;
				CLANG_WARN_ENUM_CONVERSION = YES;
				CLANG_WARN_INT_CONVERSION = YES;
				CLANG_WARN_OBJC_ROOT_CLASS = YES_ERROR;
				CLANG_WARN_UNREACHABLE_CODE = YES;
				CLANG_WARN__DUPLICATE_METHOD_MATCH = YES;
				"CODE_SIGN_IDENTITY[sdk=iphoneos*]" = "iPhone Developer";
				COPY_PHASE_STRIP = NO;
				DEBUG_INFORMATION_FORMAT = "dwarf-with-dsym";
				ENABLE_NS_ASSERTIONS = NO;
				ENABLE_STRICT_OBJC_MSGSEND = YES;
				GCC_C_LANGUAGE_STANDARD = gnu99;
				GCC_NO_COMMON_BLOCKS = YES;
				GCC_WARN_64_TO_32_BIT_CONVERSION = YES;
				GCC_WARN_ABOUT_RETURN_TYPE = YES_ERROR;
				GCC_WARN_UNDECLARED_SELECTOR = YES;
				GCC_WARN_UNINITIALIZED_AUTOS = YES_AGGRESSIVE;
				GCC_WARN_UNUSED_FUNCTION = YES;
				GCC_WARN_UNUSED_VARIABLE = YES;
				IPHONEOS_DEPLOYMENT_TARGET = 9.3;
				MTL_ENABLE_DEBUG_INFO = NO;
				SDKROOT = iphoneos;
				VALIDATE_PRODUCT = YES;
			};
			name = Release;
		};
		1E446E6C1CDE1624006A2303 /* Debug */ = {
			isa = XCBuildConfiguration;
			baseConfigurationReference = 180673848C0D0FCB6603ADCF /* Pods-Mountains.debug.xcconfig */;
			buildSettings = {
				ASSETCATALOG_COMPILER_APPICON_NAME = AppIcon;
				GCC_PRECOMPILE_PREFIX_HEADER = NO;
				GCC_PREFIX_HEADER = "";
				INFOPLIST_FILE = Mountains/Info.plist;
				IPHONEOS_DEPLOYMENT_TARGET = 8.0;
				LD_RUNPATH_SEARCH_PATHS = "$(inherited) @executable_path/Frameworks";
				PRODUCT_BUNDLE_IDENTIFIER = com.atm.Mountains;
				PRODUCT_NAME = "$(TARGET_NAME)";
			};
			name = Debug;
		};
		1E446E6D1CDE1624006A2303 /* Release */ = {
			isa = XCBuildConfiguration;
			baseConfigurationReference = B142CC5C2B94AF307F5006DC /* Pods-Mountains.release.xcconfig */;
			buildSettings = {
				ASSETCATALOG_COMPILER_APPICON_NAME = AppIcon;
				GCC_PRECOMPILE_PREFIX_HEADER = NO;
				GCC_PREFIX_HEADER = "";
				INFOPLIST_FILE = Mountains/Info.plist;
				IPHONEOS_DEPLOYMENT_TARGET = 8.0;
				LD_RUNPATH_SEARCH_PATHS = "$(inherited) @executable_path/Frameworks";
				PRODUCT_BUNDLE_IDENTIFIER = com.atm.Mountains;
				PRODUCT_NAME = "$(TARGET_NAME)";
			};
			name = Release;
		};
/* End XCBuildConfiguration section */

/* Begin XCConfigurationList section */
		1E446E4F1CDE1623006A2303 /* Build configuration list for PBXProject "Mountains" */ = {
			isa = XCConfigurationList;
			buildConfigurations = (
				1E446E691CDE1624006A2303 /* Debug */,
				1E446E6A1CDE1624006A2303 /* Release */,
			);
			defaultConfigurationIsVisible = 0;
			defaultConfigurationName = Release;
		};
		1E446E6B1CDE1624006A2303 /* Build configuration list for PBXNativeTarget "Mountains" */ = {
			isa = XCConfigurationList;
			buildConfigurations = (
				1E446E6C1CDE1624006A2303 /* Debug */,
				1E446E6D1CDE1624006A2303 /* Release */,
			);
			defaultConfigurationIsVisible = 0;
			defaultConfigurationName = Release;
		};
/* End XCConfigurationList section */
	};
	rootObject = 1E446E4C1CDE1623006A2303 /* Project object */;
}
